
Microsoft Visual Studio Solution File, Format Version 12.00
# Visual Studio Version 17
VisualStudioVersion = 17.3.32804.467
MinimumVisualStudioVersion = 10.0.40219.1
Project("{FAE04EC0-301F-11D3-BF4B-00C04F79EFBC}") = "WMS.Server", "WMS\Server\WMS.Server.csproj", "{59ABC2A4-6139-47AA-B9D1-115E4DB98B89}"
EndProject
Project("{FAE04EC0-301F-11D3-BF4B-00C04F79EFBC}") = "WMS.Client", "WMS\Client\WMS.Client.csproj", "{58EE7C9B-D237-49E6-9BA2-221B02AF64AF}"
EndProject
Project("{FAE04EC0-301F-11D3-BF4B-00C04F79EFBC}") = "WMSPlugins", "WMSPlugins\WMSPlugins.csproj", "{3AD82427-15E2-4315-B0F6-817BF840783D}"
EndProject
Global
	GlobalSection(SolutionConfigurationPlatforms) = preSolution
		Debug|Any CPU = Debug|Any CPU
		Release|Any CPU = Release|Any CPU
	EndGlobalSection
	GlobalSection(ProjectConfigurationPlatforms) = postSolution
		{59ABC2A4-6139-47AA-B9D1-115E4DB98B89}.Debug|Any CPU.ActiveCfg = Debug|Any CPU
		{59ABC2A4-6139-47AA-B9D1-115E4DB98B89}.Debug|Any CPU.Build.0 = Debug|Any CPU
		{59ABC2A4-6139-47AA-B9D1-115E4DB98B89}.Release|Any CPU.ActiveCfg = Release|Any CPU
		{59ABC2A4-6139-47AA-B9D1-115E4DB98B89}.Release|Any CPU.Build.0 = Release|Any CPU
		{58EE7C9B-D237-49E6-9BA2-221B02AF64AF}.Debug|Any CPU.ActiveCfg = Debug|Any CPU
		{58EE7C9B-D237-49E6-9BA2-221B02AF64AF}.Debug|Any CPU.Build.0 = Debug|Any CPU
		{58EE7C9B-D237-49E6-9BA2-221B02AF64AF}.Release|Any CPU.ActiveCfg = Release|Any CPU
		{58EE7C9B-D237-49E6-9BA2-221B02AF64AF}.Release|Any CPU.Build.0 = Release|Any CPU
		{3AD82427-15E2-4315-B0F6-817BF840783D}.Debug|Any CPU.ActiveCfg = Debug|Any CPU
		{3AD82427-15E2-4315-B0F6-817BF840783D}.Debug|Any CPU.Build.0 = Debug|Any CPU
		{3AD82427-15E2-4315-B0F6-817BF840783D}.Release|Any CPU.ActiveCfg = Release|Any CPU
		{3AD82427-15E2-4315-B0F6-817BF840783D}.Release|Any CPU.Build.0 = Release|Any CPU
	EndGlobalSection
	GlobalSection(SolutionProperties) = preSolution
		HideSolutionNode = FALSE
	EndGlobalSection
	GlobalSection(ExtensibilityGlobals) = postSolution
		SolutionGuid = {AB9DC739-EF26-4F0A-AD52-52540A81FAB5}
	EndGlobalSection
EndGlobal
